// !$*UTF8*$!
{
	archiveVersion = 1;
	classes = {
	};
	objectVersion = 50;
	objects = {

/* Begin PBXBuildFile section */
		AB75AD3321C8005900D2A239 /* AppDelegate.swift in Sources */ = {isa = PBXBuildFile; fileRef = AB75AD3221C8005900D2A239 /* AppDelegate.swift */; };
		AB75AD3521C8005900D2A239 /* ViewController.swift in Sources */ = {isa = PBXBuildFile; fileRef = AB75AD3421C8005900D2A239 /* ViewController.swift */; };
		AB75AD3821C8005900D2A239 /* Main.storyboard in Resources */ = {isa = PBXBuildFile; fileRef = AB75AD3621C8005900D2A239 /* Main.storyboard */; };
		AB75AD3A21C8006200D2A239 /* Assets.xcassets in Resources */ = {isa = PBXBuildFile; fileRef = AB75AD3921C8006200D2A239 /* Assets.xcassets */; };
		AB75AD3D21C8006200D2A239 /* LaunchScreen.storyboard in Resources */ = {isa = PBXBuildFile; fileRef = AB75AD3B21C8006200D2A239 /* LaunchScreen.storyboard */; };
		AB75AD4821C8006200D2A239 /* RescuerAppTests.swift in Sources */ = {isa = PBXBuildFile; fileRef = AB75AD4721C8006200D2A239 /* RescuerAppTests.swift */; };
		AB75AD5321C8006200D2A239 /* RescuerAppUITests.swift in Sources */ = {isa = PBXBuildFile; fileRef = AB75AD5221C8006200D2A239 /* RescuerAppUITests.swift */; };
		AB75AD6A21C800EB00D2A239 /* FIRAnalyticsConnector.framework in Frameworks */ = {isa = PBXBuildFile; fileRef = AB75AD6221C800EB00D2A239 /* FIRAnalyticsConnector.framework */; };
		AB75AD6B21C800EB00D2A239 /* FirebaseAnalytics.framework in Frameworks */ = {isa = PBXBuildFile; fileRef = AB75AD6321C800EB00D2A239 /* FirebaseAnalytics.framework */; };
		AB75AD6C21C800EB00D2A239 /* FirebaseCore.framework in Frameworks */ = {isa = PBXBuildFile; fileRef = AB75AD6421C800EB00D2A239 /* FirebaseCore.framework */; };
		AB75AD6D21C800EB00D2A239 /* FirebaseCoreDiagnostics.framework in Frameworks */ = {isa = PBXBuildFile; fileRef = AB75AD6521C800EB00D2A239 /* FirebaseCoreDiagnostics.framework */; };
		AB75AD6E21C800EB00D2A239 /* FirebaseInstanceID.framework in Frameworks */ = {isa = PBXBuildFile; fileRef = AB75AD6621C800EB00D2A239 /* FirebaseInstanceID.framework */; };
		AB75AD6F21C800EB00D2A239 /* GoogleAppMeasurement.framework in Frameworks */ = {isa = PBXBuildFile; fileRef = AB75AD6721C800EB00D2A239 /* GoogleAppMeasurement.framework */; };
		AB75AD7021C800EB00D2A239 /* GoogleUtilities.framework in Frameworks */ = {isa = PBXBuildFile; fileRef = AB75AD6821C800EB00D2A239 /* GoogleUtilities.framework */; };
		AB75AD7121C800EB00D2A239 /* nanopb.framework in Frameworks */ = {isa = PBXBuildFile; fileRef = AB75AD6921C800EB00D2A239 /* nanopb.framework */; };
		AB75AD7621C8024C00D2A239 /* GoogleService-Info.plist in Resources */ = {isa = PBXBuildFile; fileRef = AB75AD7521C8024B00D2A239 /* GoogleService-Info.plist */; };
		AB75AD7A21C8068700D2A239 /* SignInViewController.swift in Sources */ = {isa = PBXBuildFile; fileRef = AB75AD7921C8068700D2A239 /* SignInViewController.swift */; };
		AB75AD7E21C8071700D2A239 /* FirebaseAuth.framework in Frameworks */ = {isa = PBXBuildFile; fileRef = AB75AD7C21C8071600D2A239 /* FirebaseAuth.framework */; };
		AB75AD7F21C8071700D2A239 /* GTMSessionFetcher.framework in Frameworks */ = {isa = PBXBuildFile; fileRef = AB75AD7D21C8071600D2A239 /* GTMSessionFetcher.framework */; };
		AB75AD8C21C8076200D2A239 /* BoringSSL.framework in Frameworks */ = {isa = PBXBuildFile; fileRef = AB75AD8121C8076200D2A239 /* BoringSSL.framework */; };
		AB75AD8D21C8076200D2A239 /* FirebaseFirestore.framework in Frameworks */ = {isa = PBXBuildFile; fileRef = AB75AD8221C8076200D2A239 /* FirebaseFirestore.framework */; };
		AB75AD8E21C8076200D2A239 /* gRPC-C++.framework in Frameworks */ = {isa = PBXBuildFile; fileRef = AB75AD8321C8076200D2A239 /* gRPC-C++.framework */; };
		AB75AD8F21C8076200D2A239 /* gRPC-Core.framework in Frameworks */ = {isa = PBXBuildFile; fileRef = AB75AD8421C8076200D2A239 /* gRPC-Core.framework */; };
		AB75AD9021C8076200D2A239 /* gRPC-ProtoRPC.framework in Frameworks */ = {isa = PBXBuildFile; fileRef = AB75AD8521C8076200D2A239 /* gRPC-ProtoRPC.framework */; };
		AB75AD9121C8076200D2A239 /* gRPC-RxLibrary.framework in Frameworks */ = {isa = PBXBuildFile; fileRef = AB75AD8621C8076200D2A239 /* gRPC-RxLibrary.framework */; };
		AB75AD9221C8076200D2A239 /* gRPC.framework in Frameworks */ = {isa = PBXBuildFile; fileRef = AB75AD8721C8076200D2A239 /* gRPC.framework */; };
		AB75AD9321C8076200D2A239 /* leveldb-library.framework in Frameworks */ = {isa = PBXBuildFile; fileRef = AB75AD8821C8076200D2A239 /* leveldb-library.framework */; };
		AB75AD9421C8076200D2A239 /* Protobuf.framework in Frameworks */ = {isa = PBXBuildFile; fileRef = AB75AD8921C8076200D2A239 /* Protobuf.framework */; };
		AB75AD9521C8076200D2A239 /* gRPCCertificates.bundle in Resources */ = {isa = PBXBuildFile; fileRef = AB75AD8B21C8076200D2A239 /* gRPCCertificates.bundle */; };
		AB75AD9921C817C000D2A239 /* RequestViewController.swift in Sources */ = {isa = PBXBuildFile; fileRef = AB75AD9821C817C000D2A239 /* RequestViewController.swift */; };
		AB75AD9B21C8189500D2A239 /* RequestTableViewCell.swift in Sources */ = {isa = PBXBuildFile; fileRef = AB75AD9A21C8189500D2A239 /* RequestTableViewCell.swift */; };
		AB75AD9D21C81A1900D2A239 /* Request.swift in Sources */ = {isa = PBXBuildFile; fileRef = AB75AD9C21C81A1900D2A239 /* Request.swift */; };
		AB75AD9F21C81DD800D2A239 /* RequestDetailViewController.swift in Sources */ = {isa = PBXBuildFile; fileRef = AB75AD9E21C81DD800D2A239 /* RequestDetailViewController.swift */; };
		AB75ADA121C825A500D2A239 /* HistoryViewController.swift in Sources */ = {isa = PBXBuildFile; fileRef = AB75ADA021C825A500D2A239 /* HistoryViewController.swift */; };
		AB75ADA321C82F2900D2A239 /* RescueDetailViewController.swift in Sources */ = {isa = PBXBuildFile; fileRef = AB75ADA221C82F2900D2A239 /* RescueDetailViewController.swift */; };
		AB75ADA521C86FF600D2A239 /* HistoryTableViewCell.swift in Sources */ = {isa = PBXBuildFile; fileRef = AB75ADA421C86FF600D2A239 /* HistoryTableViewCell.swift */; };
		AB90BB8F21C8862C00A5F02F /* HistoryDetailViewController.swift in Sources */ = {isa = PBXBuildFile; fileRef = AB90BB8E21C8862C00A5F02F /* HistoryDetailViewController.swift */; };
/* End PBXBuildFile section */

/* Begin PBXContainerItemProxy section */
		AB75AD4421C8006200D2A239 /* PBXContainerItemProxy */ = {
			isa = PBXContainerItemProxy;
			containerPortal = AB75AD2721C8005900D2A239 /* Project object */;
			proxyType = 1;
			remoteGlobalIDString = AB75AD2E21C8005900D2A239;
			remoteInfo = RescuerApp;
		};
		AB75AD4F21C8006200D2A239 /* PBXContainerItemProxy */ = {
			isa = PBXContainerItemProxy;
			containerPortal = AB75AD2721C8005900D2A239 /* Project object */;
			proxyType = 1;
			remoteGlobalIDString = AB75AD2E21C8005900D2A239;
			remoteInfo = RescuerApp;
		};
/* End PBXContainerItemProxy section */

/* Begin PBXFileReference section */
		AB75AD2F21C8005900D2A239 /* RescuerApp.app */ = {isa = PBXFileReference; explicitFileType = wrapper.application; includeInIndex = 0; path = RescuerApp.app; sourceTree = BUILT_PRODUCTS_DIR; };
		AB75AD3221C8005900D2A239 /* AppDelegate.swift */ = {isa = PBXFileReference; lastKnownFileType = sourcecode.swift; path = AppDelegate.swift; sourceTree = "<group>"; };
		AB75AD3421C8005900D2A239 /* ViewController.swift */ = {isa = PBXFileReference; lastKnownFileType = sourcecode.swift; path = ViewController.swift; sourceTree = "<group>"; };
		AB75AD3721C8005900D2A239 /* Base */ = {isa = PBXFileReference; lastKnownFileType = file.storyboard; name = Base; path = Base.lproj/Main.storyboard; sourceTree = "<group>"; };
		AB75AD3921C8006200D2A239 /* Assets.xcassets */ = {isa = PBXFileReference; lastKnownFileType = folder.assetcatalog; path = Assets.xcassets; sourceTree = "<group>"; };
		AB75AD3C21C8006200D2A239 /* Base */ = {isa = PBXFileReference; lastKnownFileType = file.storyboard; name = Base; path = Base.lproj/LaunchScreen.storyboard; sourceTree = "<group>"; };
		AB75AD3E21C8006200D2A239 /* Info.plist */ = {isa = PBXFileReference; lastKnownFileType = text.plist.xml; path = Info.plist; sourceTree = "<group>"; };
		AB75AD4321C8006200D2A239 /* RescuerAppTests.xctest */ = {isa = PBXFileReference; explicitFileType = wrapper.cfbundle; includeInIndex = 0; path = RescuerAppTests.xctest; sourceTree = BUILT_PRODUCTS_DIR; };
		AB75AD4721C8006200D2A239 /* RescuerAppTests.swift */ = {isa = PBXFileReference; lastKnownFileType = sourcecode.swift; path = RescuerAppTests.swift; sourceTree = "<group>"; };
		AB75AD4921C8006200D2A239 /* Info.plist */ = {isa = PBXFileReference; lastKnownFileType = text.plist.xml; path = Info.plist; sourceTree = "<group>"; };
		AB75AD4E21C8006200D2A239 /* RescuerAppUITests.xctest */ = {isa = PBXFileReference; explicitFileType = wrapper.cfbundle; includeInIndex = 0; path = RescuerAppUITests.xctest; sourceTree = BUILT_PRODUCTS_DIR; };
		AB75AD5221C8006200D2A239 /* RescuerAppUITests.swift */ = {isa = PBXFileReference; lastKnownFileType = sourcecode.swift; path = RescuerAppUITests.swift; sourceTree = "<group>"; };
		AB75AD5421C8006200D2A239 /* Info.plist */ = {isa = PBXFileReference; lastKnownFileType = text.plist.xml; path = Info.plist; sourceTree = "<group>"; };
		AB75AD6221C800EB00D2A239 /* FIRAnalyticsConnector.framework */ = {isa = PBXFileReference; lastKnownFileType = wrapper.framework; path = FIRAnalyticsConnector.framework; sourceTree = "<group>"; };
		AB75AD6321C800EB00D2A239 /* FirebaseAnalytics.framework */ = {isa = PBXFileReference; lastKnownFileType = wrapper.framework; path = FirebaseAnalytics.framework; sourceTree = "<group>"; };
		AB75AD6421C800EB00D2A239 /* FirebaseCore.framework */ = {isa = PBXFileReference; lastKnownFileType = wrapper.framework; path = FirebaseCore.framework; sourceTree = "<group>"; };
		AB75AD6521C800EB00D2A239 /* FirebaseCoreDiagnostics.framework */ = {isa = PBXFileReference; lastKnownFileType = wrapper.framework; path = FirebaseCoreDiagnostics.framework; sourceTree = "<group>"; };
		AB75AD6621C800EB00D2A239 /* FirebaseInstanceID.framework */ = {isa = PBXFileReference; lastKnownFileType = wrapper.framework; path = FirebaseInstanceID.framework; sourceTree = "<group>"; };
		AB75AD6721C800EB00D2A239 /* GoogleAppMeasurement.framework */ = {isa = PBXFileReference; lastKnownFileType = wrapper.framework; path = GoogleAppMeasurement.framework; sourceTree = "<group>"; };
		AB75AD6821C800EB00D2A239 /* GoogleUtilities.framework */ = {isa = PBXFileReference; lastKnownFileType = wrapper.framework; path = GoogleUtilities.framework; sourceTree = "<group>"; };
		AB75AD6921C800EB00D2A239 /* nanopb.framework */ = {isa = PBXFileReference; lastKnownFileType = wrapper.framework; path = nanopb.framework; sourceTree = "<group>"; };
		AB75AD7221C8010F00D2A239 /* Firebase.h */ = {isa = PBXFileReference; fileEncoding = 4; lastKnownFileType = sourcecode.c.h; path = Firebase.h; sourceTree = "<group>"; };
		AB75AD7321C8013B00D2A239 /* Bridge.h */ = {isa = PBXFileReference; lastKnownFileType = sourcecode.c.h; path = Bridge.h; sourceTree = "<group>"; };
		AB75AD7421C8015F00D2A239 /* module.modulemap */ = {isa = PBXFileReference; fileEncoding = 4; lastKnownFileType = "sourcecode.module-map"; path = module.modulemap; sourceTree = "<group>"; };
		AB75AD7521C8024B00D2A239 /* GoogleService-Info.plist */ = {isa = PBXFileReference; fileEncoding = 4; lastKnownFileType = text.plist.xml; path = "GoogleService-Info.plist"; sourceTree = "<group>"; };
		AB75AD7921C8068700D2A239 /* SignInViewController.swift */ = {isa = PBXFileReference; lastKnownFileType = sourcecode.swift; path = SignInViewController.swift; sourceTree = "<group>"; };
		AB75AD7C21C8071600D2A239 /* FirebaseAuth.framework */ = {isa = PBXFileReference; lastKnownFileType = wrapper.framework; path = FirebaseAuth.framework; sourceTree = "<group>"; };
		AB75AD7D21C8071600D2A239 /* GTMSessionFetcher.framework */ = {isa = PBXFileReference; lastKnownFileType = wrapper.framework; path = GTMSessionFetcher.framework; sourceTree = "<group>"; };
		AB75AD8121C8076200D2A239 /* BoringSSL.framework */ = {isa = PBXFileReference; lastKnownFileType = wrapper.framework; path = BoringSSL.framework; sourceTree = "<group>"; };
		AB75AD8221C8076200D2A239 /* FirebaseFirestore.framework */ = {isa = PBXFileReference; lastKnownFileType = wrapper.framework; path = FirebaseFirestore.framework; sourceTree = "<group>"; };
		AB75AD8321C8076200D2A239 /* gRPC-C++.framework */ = {isa = PBXFileReference; lastKnownFileType = wrapper.framework; path = "gRPC-C++.framework"; sourceTree = "<group>"; };
		AB75AD8421C8076200D2A239 /* gRPC-Core.framework */ = {isa = PBXFileReference; lastKnownFileType = wrapper.framework; path = "gRPC-Core.framework"; sourceTree = "<group>"; };
		AB75AD8521C8076200D2A239 /* gRPC-ProtoRPC.framework */ = {isa = PBXFileReference; lastKnownFileType = wrapper.framework; path = "gRPC-ProtoRPC.framework"; sourceTree = "<group>"; };
		AB75AD8621C8076200D2A239 /* gRPC-RxLibrary.framework */ = {isa = PBXFileReference; lastKnownFileType = wrapper.framework; path = "gRPC-RxLibrary.framework"; sourceTree = "<group>"; };
		AB75AD8721C8076200D2A239 /* gRPC.framework */ = {isa = PBXFileReference; lastKnownFileType = wrapper.framework; path = gRPC.framework; sourceTree = "<group>"; };
		AB75AD8821C8076200D2A239 /* leveldb-library.framework */ = {isa = PBXFileReference; lastKnownFileType = wrapper.framework; path = "leveldb-library.framework"; sourceTree = "<group>"; };
		AB75AD8921C8076200D2A239 /* Protobuf.framework */ = {isa = PBXFileReference; lastKnownFileType = wrapper.framework; path = Protobuf.framework; sourceTree = "<group>"; };
		AB75AD8B21C8076200D2A239 /* gRPCCertificates.bundle */ = {isa = PBXFileReference; lastKnownFileType = "wrapper.plug-in"; path = gRPCCertificates.bundle; sourceTree = "<group>"; };
		AB75AD9821C817C000D2A239 /* RequestViewController.swift */ = {isa = PBXFileReference; lastKnownFileType = sourcecode.swift; path = RequestViewController.swift; sourceTree = "<group>"; };
		AB75AD9A21C8189500D2A239 /* RequestTableViewCell.swift */ = {isa = PBXFileReference; lastKnownFileType = sourcecode.swift; path = RequestTableViewCell.swift; sourceTree = "<group>"; };
		AB75AD9C21C81A1900D2A239 /* Request.swift */ = {isa = PBXFileReference; lastKnownFileType = sourcecode.swift; path = Request.swift; sourceTree = "<group>"; };
		AB75AD9E21C81DD800D2A239 /* RequestDetailViewController.swift */ = {isa = PBXFileReference; lastKnownFileType = sourcecode.swift; path = RequestDetailViewController.swift; sourceTree = "<group>"; };
		AB75ADA021C825A500D2A239 /* HistoryViewController.swift */ = {isa = PBXFileReference; lastKnownFileType = sourcecode.swift; path = HistoryViewController.swift; sourceTree = "<group>"; };
		AB75ADA221C82F2900D2A239 /* RescueDetailViewController.swift */ = {isa = PBXFileReference; lastKnownFileType = sourcecode.swift; path = RescueDetailViewController.swift; sourceTree = "<group>"; };
		AB75ADA421C86FF600D2A239 /* HistoryTableViewCell.swift */ = {isa = PBXFileReference; lastKnownFileType = sourcecode.swift; path = HistoryTableViewCell.swift; sourceTree = "<group>"; };
		AB90BB8E21C8862C00A5F02F /* HistoryDetailViewController.swift */ = {isa = PBXFileReference; lastKnownFileType = sourcecode.swift; path = HistoryDetailViewController.swift; sourceTree = "<group>"; };
/* End PBXFileReference section */

/* Begin PBXFrameworksBuildPhase section */
		AB75AD2C21C8005900D2A239 /* Frameworks */ = {
			isa = PBXFrameworksBuildPhase;
			buildActionMask = 2147483647;
			files = (
				AB75AD7E21C8071700D2A239 /* FirebaseAuth.framework in Frameworks */,
				AB75AD6B21C800EB00D2A239 /* FirebaseAnalytics.framework in Frameworks */,
				AB75AD6D21C800EB00D2A239 /* FirebaseCoreDiagnostics.framework in Frameworks */,
				AB75AD9221C8076200D2A239 /* gRPC.framework in Frameworks */,
				AB75AD9021C8076200D2A239 /* gRPC-ProtoRPC.framework in Frameworks */,
				AB75AD9321C8076200D2A239 /* leveldb-library.framework in Frameworks */,
				AB75AD8E21C8076200D2A239 /* gRPC-C++.framework in Frameworks */,
				AB75AD8C21C8076200D2A239 /* BoringSSL.framework in Frameworks */,
				AB75AD9421C8076200D2A239 /* Protobuf.framework in Frameworks */,
				AB75AD7121C800EB00D2A239 /* nanopb.framework in Frameworks */,
				AB75AD7F21C8071700D2A239 /* GTMSessionFetcher.framework in Frameworks */,
				AB75AD6F21C800EB00D2A239 /* GoogleAppMeasurement.framework in Frameworks */,
				AB75AD6E21C800EB00D2A239 /* FirebaseInstanceID.framework in Frameworks */,
				AB75AD8F21C8076200D2A239 /* gRPC-Core.framework in Frameworks */,
				AB75AD6A21C800EB00D2A239 /* FIRAnalyticsConnector.framework in Frameworks */,
				AB75AD9121C8076200D2A239 /* gRPC-RxLibrary.framework in Frameworks */,
				AB75AD6C21C800EB00D2A239 /* FirebaseCore.framework in Frameworks */,
				AB75AD7021C800EB00D2A239 /* GoogleUtilities.framework in Frameworks */,
				AB75AD8D21C8076200D2A239 /* FirebaseFirestore.framework in Frameworks */,
			);
			runOnlyForDeploymentPostprocessing = 0;
		};
		AB75AD4021C8006200D2A239 /* Frameworks */ = {
			isa = PBXFrameworksBuildPhase;
			buildActionMask = 2147483647;
			files = (
			);
			runOnlyForDeploymentPostprocessing = 0;
		};
		AB75AD4B21C8006200D2A239 /* Frameworks */ = {
			isa = PBXFrameworksBuildPhase;
			buildActionMask = 2147483647;
			files = (
			);
			runOnlyForDeploymentPostprocessing = 0;
		};
/* End PBXFrameworksBuildPhase section */

/* Begin PBXGroup section */
		AB75AD2621C8005900D2A239 = {
			isa = PBXGroup;
			children = (
				AB75AD6021C8009200D2A239 /* Firebase */,
				AB75AD3121C8005900D2A239 /* RescuerApp */,
				AB75AD4621C8006200D2A239 /* RescuerAppTests */,
				AB75AD5121C8006200D2A239 /* RescuerAppUITests */,
				AB75AD3021C8005900D2A239 /* Products */,
			);
			sourceTree = "<group>";
		};
		AB75AD3021C8005900D2A239 /* Products */ = {
			isa = PBXGroup;
			children = (
				AB75AD2F21C8005900D2A239 /* RescuerApp.app */,
				AB75AD4321C8006200D2A239 /* RescuerAppTests.xctest */,
				AB75AD4E21C8006200D2A239 /* RescuerAppUITests.xctest */,
			);
			name = Products;
			sourceTree = "<group>";
		};
		AB75AD3121C8005900D2A239 /* RescuerApp */ = {
			isa = PBXGroup;
			children = (
				AB75AD7821C8057600D2A239 /* Controllers */,
				AB75AD7721C8056500D2A239 /* Models */,
				AB75AD7521C8024B00D2A239 /* GoogleService-Info.plist */,
				AB75AD3221C8005900D2A239 /* AppDelegate.swift */,
				AB75AD3421C8005900D2A239 /* ViewController.swift */,
				AB75AD3621C8005900D2A239 /* Main.storyboard */,
				AB75AD3921C8006200D2A239 /* Assets.xcassets */,
				AB75AD3B21C8006200D2A239 /* LaunchScreen.storyboard */,
				AB75AD3E21C8006200D2A239 /* Info.plist */,
			);
			path = RescuerApp;
			sourceTree = "<group>";
		};
		AB75AD4621C8006200D2A239 /* RescuerAppTests */ = {
			isa = PBXGroup;
			children = (
				AB75AD4721C8006200D2A239 /* RescuerAppTests.swift */,
				AB75AD4921C8006200D2A239 /* Info.plist */,
			);
			path = RescuerAppTests;
			sourceTree = "<group>";
		};
		AB75AD5121C8006200D2A239 /* RescuerAppUITests */ = {
			isa = PBXGroup;
			children = (
				AB75AD5221C8006200D2A239 /* RescuerAppUITests.swift */,
				AB75AD5421C8006200D2A239 /* Info.plist */,
			);
			path = RescuerAppUITests;
			sourceTree = "<group>";
		};
		AB75AD6021C8009200D2A239 /* Firebase */ = {
			isa = PBXGroup;
			children = (
				AB75AD7421C8015F00D2A239 /* module.modulemap */,
				AB75AD7221C8010F00D2A239 /* Firebase.h */,
				AB75AD8021C8076200D2A239 /* Firestore */,
				AB75AD7B21C8071600D2A239 /* Auth */,
				AB75AD6121C800EB00D2A239 /* Analytics */,
				AB75AD7321C8013B00D2A239 /* Bridge.h */,
			);
			path = Firebase;
			sourceTree = "<group>";
		};
		AB75AD6121C800EB00D2A239 /* Analytics */ = {
			isa = PBXGroup;
			children = (
				AB75AD6221C800EB00D2A239 /* FIRAnalyticsConnector.framework */,
				AB75AD6321C800EB00D2A239 /* FirebaseAnalytics.framework */,
				AB75AD6421C800EB00D2A239 /* FirebaseCore.framework */,
				AB75AD6521C800EB00D2A239 /* FirebaseCoreDiagnostics.framework */,
				AB75AD6621C800EB00D2A239 /* FirebaseInstanceID.framework */,
				AB75AD6721C800EB00D2A239 /* GoogleAppMeasurement.framework */,
				AB75AD6821C800EB00D2A239 /* GoogleUtilities.framework */,
				AB75AD6921C800EB00D2A239 /* nanopb.framework */,
			);
			path = Analytics;
			sourceTree = "<group>";
		};
		AB75AD7721C8056500D2A239 /* Models */ = {
			isa = PBXGroup;
			children = (
				AB75AD9C21C81A1900D2A239 /* Request.swift */,
				AB75AD9A21C8189500D2A239 /* RequestTableViewCell.swift */,
				AB75ADA421C86FF600D2A239 /* HistoryTableViewCell.swift */,
			);
			path = Models;
			sourceTree = "<group>";
		};
		AB75AD7821C8057600D2A239 /* Controllers */ = {
			isa = PBXGroup;
			children = (
				AB75AD7921C8068700D2A239 /* SignInViewController.swift */,
				AB75AD9821C817C000D2A239 /* RequestViewController.swift */,
				AB75AD9E21C81DD800D2A239 /* RequestDetailViewController.swift */,
				AB75ADA221C82F2900D2A239 /* RescueDetailViewController.swift */,
				AB75ADA021C825A500D2A239 /* HistoryViewController.swift */,
				AB90BB8E21C8862C00A5F02F /* HistoryDetailViewController.swift */,
			);
			path = Controllers;
			sourceTree = "<group>";
		};
		AB75AD7B21C8071600D2A239 /* Auth */ = {
			isa = PBXGroup;
			children = (
				AB75AD7C21C8071600D2A239 /* FirebaseAuth.framework */,
				AB75AD7D21C8071600D2A239 /* GTMSessionFetcher.framework */,
			);
			path = Auth;
			sourceTree = "<group>";
		};
		AB75AD8021C8076200D2A239 /* Firestore */ = {
			isa = PBXGroup;
			children = (
				AB75AD8121C8076200D2A239 /* BoringSSL.framework */,
				AB75AD8221C8076200D2A239 /* FirebaseFirestore.framework */,
				AB75AD8321C8076200D2A239 /* gRPC-C++.framework */,
				AB75AD8421C8076200D2A239 /* gRPC-Core.framework */,
				AB75AD8521C8076200D2A239 /* gRPC-ProtoRPC.framework */,
				AB75AD8621C8076200D2A239 /* gRPC-RxLibrary.framework */,
				AB75AD8721C8076200D2A239 /* gRPC.framework */,
				AB75AD8821C8076200D2A239 /* leveldb-library.framework */,
				AB75AD8921C8076200D2A239 /* Protobuf.framework */,
				AB75AD8A21C8076200D2A239 /* Resources */,
			);
			path = Firestore;
			sourceTree = "<group>";
		};
		AB75AD8A21C8076200D2A239 /* Resources */ = {
			isa = PBXGroup;
			children = (
				AB75AD8B21C8076200D2A239 /* gRPCCertificates.bundle */,
			);
			path = Resources;
			sourceTree = "<group>";
		};
/* End PBXGroup section */

/* Begin PBXNativeTarget section */
		AB75AD2E21C8005900D2A239 /* RescuerApp */ = {
			isa = PBXNativeTarget;
			buildConfigurationList = AB75AD5721C8006200D2A239 /* Build configuration list for PBXNativeTarget "RescuerApp" */;
			buildPhases = (
				AB75AD2B21C8005900D2A239 /* Sources */,
				AB75AD2C21C8005900D2A239 /* Frameworks */,
				AB75AD2D21C8005900D2A239 /* Resources */,
			);
			buildRules = (
			);
			dependencies = (
			);
			name = RescuerApp;
			productName = RescuerApp;
			productReference = AB75AD2F21C8005900D2A239 /* RescuerApp.app */;
			productType = "com.apple.product-type.application";
		};
		AB75AD4221C8006200D2A239 /* RescuerAppTests */ = {
			isa = PBXNativeTarget;
			buildConfigurationList = AB75AD5A21C8006200D2A239 /* Build configuration list for PBXNativeTarget "RescuerAppTests" */;
			buildPhases = (
				AB75AD3F21C8006200D2A239 /* Sources */,
				AB75AD4021C8006200D2A239 /* Frameworks */,
				AB75AD4121C8006200D2A239 /* Resources */,
			);
			buildRules = (
			);
			dependencies = (
				AB75AD4521C8006200D2A239 /* PBXTargetDependency */,
			);
			name = RescuerAppTests;
			productName = RescuerAppTests;
			productReference = AB75AD4321C8006200D2A239 /* RescuerAppTests.xctest */;
			productType = "com.apple.product-type.bundle.unit-test";
		};
		AB75AD4D21C8006200D2A239 /* RescuerAppUITests */ = {
			isa = PBXNativeTarget;
			buildConfigurationList = AB75AD5D21C8006200D2A239 /* Build configuration list for PBXNativeTarget "RescuerAppUITests" */;
			buildPhases = (
				AB75AD4A21C8006200D2A239 /* Sources */,
				AB75AD4B21C8006200D2A239 /* Frameworks */,
				AB75AD4C21C8006200D2A239 /* Resources */,
			);
			buildRules = (
			);
			dependencies = (
				AB75AD5021C8006200D2A239 /* PBXTargetDependency */,
			);
			name = RescuerAppUITests;
			productName = RescuerAppUITests;
			productReference = AB75AD4E21C8006200D2A239 /* RescuerAppUITests.xctest */;
			productType = "com.apple.product-type.bundle.ui-testing";
		};
/* End PBXNativeTarget section */

/* Begin PBXProject section */
		AB75AD2721C8005900D2A239 /* Project object */ = {
			isa = PBXProject;
			attributes = {
				LastSwiftUpdateCheck = 1000;
				LastUpgradeCheck = 1000;
				TargetAttributes = {
					AB75AD2E21C8005900D2A239 = {
						CreatedOnToolsVersion = 10.0;
					};
					AB75AD4221C8006200D2A239 = {
						CreatedOnToolsVersion = 10.0;
						TestTargetID = AB75AD2E21C8005900D2A239;
					};
					AB75AD4D21C8006200D2A239 = {
						CreatedOnToolsVersion = 10.0;
						TestTargetID = AB75AD2E21C8005900D2A239;
					};
				};
			};
			buildConfigurationList = AB75AD2A21C8005900D2A239 /* Build configuration list for PBXProject "RescuerApp" */;
			compatibilityVersion = "Xcode 9.3";
			developmentRegion = en;
			hasScannedForEncodings = 0;
			knownRegions = (
				en,
				Base,
			);
			mainGroup = AB75AD2621C8005900D2A239;
			productRefGroup = AB75AD3021C8005900D2A239 /* Products */;
			projectDirPath = "";
			projectRoot = "";
			targets = (
				AB75AD2E21C8005900D2A239 /* RescuerApp */,
				AB75AD4221C8006200D2A239 /* RescuerAppTests */,
				AB75AD4D21C8006200D2A239 /* RescuerAppUITests */,
			);
		};
/* End PBXProject section */

/* Begin PBXResourcesBuildPhase section */
		AB75AD2D21C8005900D2A239 /* Resources */ = {
			isa = PBXResourcesBuildPhase;
			buildActionMask = 2147483647;
			files = (
				AB75AD3D21C8006200D2A239 /* LaunchScreen.storyboard in Resources */,
				AB75AD7621C8024C00D2A239 /* GoogleService-Info.plist in Resources */,
				AB75AD3A21C8006200D2A239 /* Assets.xcassets in Resources */,
				AB75AD3821C8005900D2A239 /* Main.storyboard in Resources */,
				AB75AD9521C8076200D2A239 /* gRPCCertificates.bundle in Resources */,
			);
			runOnlyForDeploymentPostprocessing = 0;
		};
		AB75AD4121C8006200D2A239 /* Resources */ = {
			isa = PBXResourcesBuildPhase;
			buildActionMask = 2147483647;
			files = (
			);
			runOnlyForDeploymentPostprocessing = 0;
		};
		AB75AD4C21C8006200D2A239 /* Resources */ = {
			isa = PBXResourcesBuildPhase;
			buildActionMask = 2147483647;
			files = (
			);
			runOnlyForDeploymentPostprocessing = 0;
		};
/* End PBXResourcesBuildPhase section */

/* Begin PBXSourcesBuildPhase section */
		AB75AD2B21C8005900D2A239 /* Sources */ = {
			isa = PBXSourcesBuildPhase;
			buildActionMask = 2147483647;
			files = (
				AB75AD3521C8005900D2A239 /* ViewController.swift in Sources */,
				AB75AD9D21C81A1900D2A239 /* Request.swift in Sources */,
				AB75AD9B21C8189500D2A239 /* RequestTableViewCell.swift in Sources */,
				AB75AD3321C8005900D2A239 /* AppDelegate.swift in Sources */,
				AB75ADA521C86FF600D2A239 /* HistoryTableViewCell.swift in Sources */,
				AB75AD9F21C81DD800D2A239 /* RequestDetailViewController.swift in Sources */,
				AB75ADA321C82F2900D2A239 /* RescueDetailViewController.swift in Sources */,
				AB75AD9921C817C000D2A239 /* RequestViewController.swift in Sources */,
				AB75AD7A21C8068700D2A239 /* SignInViewController.swift in Sources */,
				AB90BB8F21C8862C00A5F02F /* HistoryDetailViewController.swift in Sources */,
				AB75ADA121C825A500D2A239 /* HistoryViewController.swift in Sources */,
			);
			runOnlyForDeploymentPostprocessing = 0;
		};
		AB75AD3F21C8006200D2A239 /* Sources */ = {
			isa = PBXSourcesBuildPhase;
			buildActionMask = 2147483647;
			files = (
				AB75AD4821C8006200D2A239 /* RescuerAppTests.swift in Sources */,
			);
			runOnlyForDeploymentPostprocessing = 0;
		};
		AB75AD4A21C8006200D2A239 /* Sources */ = {
			isa = PBXSourcesBuildPhase;
			buildActionMask = 2147483647;
			files = (
				AB75AD5321C8006200D2A239 /* RescuerAppUITests.swift in Sources */,
			);
			runOnlyForDeploymentPostprocessing = 0;
		};
/* End PBXSourcesBuildPhase section */

/* Begin PBXTargetDependency section */
		AB75AD4521C8006200D2A239 /* PBXTargetDependency */ = {
			isa = PBXTargetDependency;
			target = AB75AD2E21C8005900D2A239 /* RescuerApp */;
			targetProxy = AB75AD4421C8006200D2A239 /* PBXContainerItemProxy */;
		};
		AB75AD5021C8006200D2A239 /* PBXTargetDependency */ = {
			isa = PBXTargetDependency;
			target = AB75AD2E21C8005900D2A239 /* RescuerApp */;
			targetProxy = AB75AD4F21C8006200D2A239 /* PBXContainerItemProxy */;
		};
/* End PBXTargetDependency section */

/* Begin PBXVariantGroup section */
		AB75AD3621C8005900D2A239 /* Main.storyboard */ = {
			isa = PBXVariantGroup;
			children = (
				AB75AD3721C8005900D2A239 /* Base */,
			);
			name = Main.storyboard;
			sourceTree = "<group>";
		};
		AB75AD3B21C8006200D2A239 /* LaunchScreen.storyboard */ = {
			isa = PBXVariantGroup;
			children = (
				AB75AD3C21C8006200D2A239 /* Base */,
			);
			name = LaunchScreen.storyboard;
			sourceTree = "<group>";
		};
/* End PBXVariantGroup section */

/* Begin XCBuildConfiguration section */
		AB75AD5521C8006200D2A239 /* Debug */ = {
			isa = XCBuildConfiguration;
			buildSettings = {
				ALWAYS_SEARCH_USER_PATHS = NO;
				CLANG_ANALYZER_NONNULL = YES;
				CLANG_ANALYZER_NUMBER_OBJECT_CONVERSION = YES_AGGRESSIVE;
				CLANG_CXX_LANGUAGE_STANDARD = "gnu++14";
				CLANG_CXX_LIBRARY = "libc++";
				CLANG_ENABLE_MODULES = YES;
				CLANG_ENABLE_OBJC_ARC = YES;
				CLANG_ENABLE_OBJC_WEAK = YES;
				CLANG_WARN_BLOCK_CAPTURE_AUTORELEASING = YES;
				CLANG_WARN_BOOL_CONVERSION = YES;
				CLANG_WARN_COMMA = YES;
				CLANG_WARN_CONSTANT_CONVERSION = YES;
				CLANG_WARN_DEPRECATED_OBJC_IMPLEMENTATIONS = YES;
				CLANG_WARN_DIRECT_OBJC_ISA_USAGE = YES_ERROR;
				CLANG_WARN_DOCUMENTATION_COMMENTS = YES;
				CLANG_WARN_EMPTY_BODY = YES;
				CLANG_WARN_ENUM_CONVERSION = YES;
				CLANG_WARN_INFINITE_RECURSION = YES;
				CLANG_WARN_INT_CONVERSION = YES;
				CLANG_WARN_NON_LITERAL_NULL_CONVERSION = YES;
				CLANG_WARN_OBJC_IMPLICIT_RETAIN_SELF = YES;
				CLANG_WARN_OBJC_LITERAL_CONVERSION = YES;
				CLANG_WARN_OBJC_ROOT_CLASS = YES_ERROR;
				CLANG_WARN_RANGE_LOOP_ANALYSIS = YES;
				CLANG_WARN_STRICT_PROTOTYPES = YES;
				CLANG_WARN_SUSPICIOUS_MOVE = YES;
				CLANG_WARN_UNGUARDED_AVAILABILITY = YES_AGGRESSIVE;
				CLANG_WARN_UNREACHABLE_CODE = YES;
				CLANG_WARN__DUPLICATE_METHOD_MATCH = YES;
				CODE_SIGN_IDENTITY = "iPhone Developer";
				COPY_PHASE_STRIP = NO;
				DEBUG_INFORMATION_FORMAT = dwarf;
				ENABLE_STRICT_OBJC_MSGSEND = YES;
				ENABLE_TESTABILITY = YES;
				GCC_C_LANGUAGE_STANDARD = gnu11;
				GCC_DYNAMIC_NO_PIC = NO;
				GCC_NO_COMMON_BLOCKS = YES;
				GCC_OPTIMIZATION_LEVEL = 0;
				GCC_PREPROCESSOR_DEFINITIONS = (
					"DEBUG=1",
					"$(inherited)",
				);
				GCC_WARN_64_TO_32_BIT_CONVERSION = YES;
				GCC_WARN_ABOUT_RETURN_TYPE = YES_ERROR;
				GCC_WARN_UNDECLARED_SELECTOR = YES;
				GCC_WARN_UNINITIALIZED_AUTOS = YES_AGGRESSIVE;
				GCC_WARN_UNUSED_FUNCTION = YES;
				GCC_WARN_UNUSED_VARIABLE = YES;
				IPHONEOS_DEPLOYMENT_TARGET = 12.0;
				MTL_ENABLE_DEBUG_INFO = INCLUDE_SOURCE;
				MTL_FAST_MATH = YES;
				ONLY_ACTIVE_ARCH = YES;
				SDKROOT = iphoneos;
				SWIFT_ACTIVE_COMPILATION_CONDITIONS = DEBUG;
				SWIFT_OPTIMIZATION_LEVEL = "-Onone";
			};
			name = Debug;
		};
		AB75AD5621C8006200D2A239 /* Release */ = {
			isa = XCBuildConfiguration;
			buildSettings = {
				ALWAYS_SEARCH_USER_PATHS = NO;
				CLANG_ANALYZER_NONNULL = YES;
				CLANG_ANALYZER_NUMBER_OBJECT_CONVERSION = YES_AGGRESSIVE;
				CLANG_CXX_LANGUAGE_STANDARD = "gnu++14";
				CLANG_CXX_LIBRARY = "libc++";
				CLANG_ENABLE_MODULES = YES;
				CLANG_ENABLE_OBJC_ARC = YES;
				CLANG_ENABLE_OBJC_WEAK = YES;
				CLANG_WARN_BLOCK_CAPTURE_AUTORELEASING = YES;
				CLANG_WARN_BOOL_CONVERSION = YES;
				CLANG_WARN_COMMA = YES;
				CLANG_WARN_CONSTANT_CONVERSION = YES;
				CLANG_WARN_DEPRECATED_OBJC_IMPLEMENTATIONS = YES;
				CLANG_WARN_DIRECT_OBJC_ISA_USAGE = YES_ERROR;
				CLANG_WARN_DOCUMENTATION_COMMENTS = YES;
				CLANG_WARN_EMPTY_BODY = YES;
				CLANG_WARN_ENUM_CONVERSION = YES;
				CLANG_WARN_INFINITE_RECURSION = YES;
				CLANG_WARN_INT_CONVERSION = YES;
				CLANG_WARN_NON_LITERAL_NULL_CONVERSION = YES;
				CLANG_WARN_OBJC_IMPLICIT_RETAIN_SELF = YES;
				CLANG_WARN_OBJC_LITERAL_CONVERSION = YES;
				CLANG_WARN_OBJC_ROOT_CLASS = YES_ERROR;
				CLANG_WARN_RANGE_LOOP_ANALYSIS = YES;
				CLANG_WARN_STRICT_PROTOTYPES = YES;
				CLANG_WARN_SUSPICIOUS_MOVE = YES;
				CLANG_WARN_UNGUARDED_AVAILABILITY = YES_AGGRESSIVE;
				CLANG_WARN_UNREACHABLE_CODE = YES;
				CLANG_WARN__DUPLICATE_METHOD_MATCH = YES;
				CODE_SIGN_IDENTITY = "iPhone Developer";
				COPY_PHASE_STRIP = NO;
				DEBUG_INFORMATION_FORMAT = "dwarf-with-dsym";
				ENABLE_NS_ASSERTIONS = NO;
				ENABLE_STRICT_OBJC_MSGSEND = YES;
				GCC_C_LANGUAGE_STANDARD = gnu11;
				GCC_NO_COMMON_BLOCKS = YES;
				GCC_WARN_64_TO_32_BIT_CONVERSION = YES;
				GCC_WARN_ABOUT_RETURN_TYPE = YES_ERROR;
				GCC_WARN_UNDECLARED_SELECTOR = YES;
				GCC_WARN_UNINITIALIZED_AUTOS = YES_AGGRESSIVE;
				GCC_WARN_UNUSED_FUNCTION = YES;
				GCC_WARN_UNUSED_VARIABLE = YES;
				IPHONEOS_DEPLOYMENT_TARGET = 12.0;
				MTL_ENABLE_DEBUG_INFO = NO;
				MTL_FAST_MATH = YES;
				SDKROOT = iphoneos;
				SWIFT_COMPILATION_MODE = wholemodule;
				SWIFT_OPTIMIZATION_LEVEL = "-O";
				VALIDATE_PRODUCT = YES;
			};
			name = Release;
		};
		AB75AD5821C8006200D2A239 /* Debug */ = {
			isa = XCBuildConfiguration;
			buildSettings = {
				ASSETCATALOG_COMPILER_APPICON_NAME = AppIcon;
				CODE_SIGN_STYLE = Automatic;
				DEVELOPMENT_TEAM = 89ST658N5L;
				FRAMEWORK_SEARCH_PATHS = (
					"$(inherited)",
					"$(PROJECT_DIR)/Firebase/Analytics",
					"$(PROJECT_DIR)/Firebase/Auth",
					"$(PROJECT_DIR)/Firebase/Firestore",
				);
				HEADER_SEARCH_PATHS = "$(PROJECT_DIR)/Firebase/";
				INFOPLIST_FILE = RescuerApp/Info.plist;
				LD_RUNPATH_SEARCH_PATHS = (
					"$(inherited)",
					"@executable_path/Frameworks",
				);
				OTHER_LDFLAGS = "-ObjC";
				PRODUCT_BUNDLE_IDENTIFIER = th.ac.ku.sci.cs.RescuerApp;
				PRODUCT_NAME = "$(TARGET_NAME)";
				SWIFT_VERSION = 4.2;
				TARGETED_DEVICE_FAMILY = "1,2";
			};
			name = Debug;
		};
		AB75AD5921C8006200D2A239 /* Release */ = {
			isa = XCBuildConfiguration;
			buildSettings = {
				ASSETCATALOG_COMPILER_APPICON_NAME = AppIcon;
				CODE_SIGN_STYLE = Automatic;
				DEVELOPMENT_TEAM = 89ST658N5L;
				FRAMEWORK_SEARCH_PATHS = (
					"$(inherited)",
					"$(PROJECT_DIR)/Firebase/Analytics",
					"$(PROJECT_DIR)/Firebase/Auth",
					"$(PROJECT_DIR)/Firebase/Firestore",
				);
				HEADER_SEARCH_PATHS = "$(PROJECT_DIR)/Firebase/";
				INFOPLIST_FILE = RescuerApp/Info.plist;
				LD_RUNPATH_SEARCH_PATHS = (
					"$(inherited)",
					"@executable_path/Frameworks",
				);
				OTHER_LDFLAGS = "-ObjC";
				PRODUCT_BUNDLE_IDENTIFIER = th.ac.ku.sci.cs.RescuerApp;
				PRODUCT_NAME = "$(TARGET_NAME)";
				SWIFT_VERSION = 4.2;
				TARGETED_DEVICE_FAMILY = "1,2";
			};
			name = Release;
		};
		AB75AD5B21C8006200D2A239 /* Debug */ = {
			isa = XCBuildConfiguration;
			buildSettings = {
				ALWAYS_EMBED_SWIFT_STANDARD_LIBRARIES = YES;
				BUNDLE_LOADER = "$(TEST_HOST)";
				CODE_SIGN_STYLE = Automatic;
				DEVELOPMENT_TEAM = 89ST658N5L;
				INFOPLIST_FILE = RescuerAppTests/Info.plist;
				LD_RUNPATH_SEARCH_PATHS = (
					"$(inherited)",
					"@executable_path/Frameworks",
					"@loader_path/Frameworks",
				);
				PRODUCT_BUNDLE_IDENTIFIER = th.ac.ku.sci.cs.RescuerApp.RescuerAppTests;
				PRODUCT_NAME = "$(TARGET_NAME)";
				SWIFT_VERSION = 4.2;
				TARGETED_DEVICE_FAMILY = "1,2";
				TEST_HOST = "$(BUILT_PRODUCTS_DIR)/RescuerApp.app/RescuerApp";
			};
			name = Debug;
		};
		AB75AD5C21C8006200D2A239 /* Release */ = {
			isa = XCBuildConfiguration;
			buildSettings = {
				ALWAYS_EMBED_SWIFT_STANDARD_LIBRARIES = YES;
				BUNDLE_LOADER = "$(TEST_HOST)";
				CODE_SIGN_STYLE = Automatic;
				DEVELOPMENT_TEAM = 89ST658N5L;
				INFOPLIST_FILE = RescuerAppTests/Info.plist;
				LD_RUNPATH_SEARCH_PATHS = (
					"$(inherited)",
					"@executable_path/Frameworks",
					"@loader_path/Frameworks",
				);
				PRODUCT_BUNDLE_IDENTIFIER = th.ac.ku.sci.cs.RescuerApp.RescuerAppTests;
				PRODUCT_NAME = "$(TARGET_NAME)";
				SWIFT_VERSION = 4.2;
				TARGETED_DEVICE_FAMILY = "1,2";
				TEST_HOST = "$(BUILT_PRODUCTS_DIR)/RescuerApp.app/RescuerApp";
			};
			name = Release;
		};
		AB75AD5E21C8006200D2A239 /* Debug */ = {
			isa = XCBuildConfiguration;
			buildSettings = {
				ALWAYS_EMBED_SWIFT_STANDARD_LIBRARIES = YES;
				CODE_SIGN_STYLE = Automatic;
				DEVELOPMENT_TEAM = 89ST658N5L;
				INFOPLIST_FILE = RescuerAppUITests/Info.plist;
				LD_RUNPATH_SEARCH_PATHS = (
					"$(inherited)",
					"@executable_path/Frameworks",
					"@loader_path/Frameworks",
				);
				PRODUCT_BUNDLE_IDENTIFIER = th.ac.ku.sci.cs.RescuerApp.RescuerAppUITests;
				PRODUCT_NAME = "$(TARGET_NAME)";
				SWIFT_VERSION = 4.2;
				TARGETED_DEVICE_FAMILY = "1,2";
				TEST_TARGET_NAME = RescuerApp;
			};
			name = Debug;
		};
		AB75AD5F21C8006200D2A239 /* Release */ = {
			isa = XCBuildConfiguration;
			buildSettings = {
				ALWAYS_EMBED_SWIFT_STANDARD_LIBRARIES = YES;
				CODE_SIGN_STYLE = Automatic;
				DEVELOPMENT_TEAM = 89ST658N5L;
				INFOPLIST_FILE = RescuerAppUITests/Info.plist;
				LD_RUNPATH_SEARCH_PATHS = (
					"$(inherited)",
					"@executable_path/Frameworks",
					"@loader_path/Frameworks",
				);
				PRODUCT_BUNDLE_IDENTIFIER = th.ac.ku.sci.cs.RescuerApp.RescuerAppUITests;
				PRODUCT_NAME = "$(TARGET_NAME)";
				SWIFT_VERSION = 4.2;
				TARGETED_DEVICE_FAMILY = "1,2";
				TEST_TARGET_NAME = RescuerApp;
			};
			name = Release;
		};
/* End XCBuildConfiguration section */

/* Begin XCConfigurationList section */
		AB75AD2A21C8005900D2A239 /* Build configuration list for PBXProject "RescuerApp" */ = {
			isa = XCConfigurationList;
			buildConfigurations = (
				AB75AD5521C8006200D2A239 /* Debug */,
				AB75AD5621C8006200D2A239 /* Release */,
			);
			defaultConfigurationIsVisible = 0;
			defaultConfigurationName = Release;
		};
		AB75AD5721C8006200D2A239 /* Build configuration list for PBXNativeTarget "RescuerApp" */ = {
			isa = XCConfigurationList;
			buildConfigurations = (
				AB75AD5821C8006200D2A239 /* Debug */,
				AB75AD5921C8006200D2A239 /* Release */,
			);
			defaultConfigurationIsVisible = 0;
			defaultConfigurationName = Release;
		};
		AB75AD5A21C8006200D2A239 /* Build configuration list for PBXNativeTarget "RescuerAppTests" */ = {
			isa = XCConfigurationList;
			buildConfigurations = (
				AB75AD5B21C8006200D2A239 /* Debug */,
				AB75AD5C21C8006200D2A239 /* Release */,
			);
			defaultConfigurationIsVisible = 0;
			defaultConfigurationName = Release;
		};
		AB75AD5D21C8006200D2A239 /* Build configuration list for PBXNativeTarget "RescuerAppUITests" */ = {
			isa = XCConfigurationList;
			buildConfigurations = (
				AB75AD5E21C8006200D2A239 /* Debug */,
				AB75AD5F21C8006200D2A239 /* Release */,
			);
			defaultConfigurationIsVisible = 0;
			defaultConfigurationName = Release;
		};
/* End XCConfigurationList section */
	};
	rootObject = AB75AD2721C8005900D2A239 /* Project object */;
}
